
Microsoft Visual Studio Solution File, Format Version 12.00
Project("{FAE04EC0-301F-11D3-BF4B-00C04F79EFBC}") = "Project_APBD", "Project_APBD.csproj", "{80803A14-28EE-49F3-B151-14B49D98182C}"
EndProject
Global
	GlobalSection(SolutionConfigurationPlatforms) = preSolution
		Debug|Any CPU = Debug|Any CPU
		Release|Any CPU = Release|Any CPU
	EndGlobalSection
	GlobalSection(ProjectConfigurationPlatforms) = postSolution
		{80803A14-28EE-49F3-B151-14B49D98182C}.Debug|Any CPU.ActiveCfg = Debug|Any CPU
		{80803A14-28EE-49F3-B151-14B49D98182C}.Debug|Any CPU.Build.0 = Debug|Any CPU
		{80803A14-28EE-49F3-B151-14B49D98182C}.Release|Any CPU.ActiveCfg = Release|Any CPU
		{80803A14-28EE-49F3-B151-14B49D98182C}.Release|Any CPU.Build.0 = Release|Any CPU
	EndGlobalSection
EndGlobal
